
Microsoft Visual Studio Solution File, Format Version 12.00
# Visual Studio Version 16
VisualStudioVersion = 16.0.29020.237
MinimumVisualStudioVersion = 10.0.40219.1
Project("{FAE04EC0-301F-11D3-BF4B-00C04F79EFBC}") = "RateLimit", "RateLimit\RateLimit.csproj", "{A83E6951-122F-4596-B013-56A6A460A916}"
EndProject
Project("{FAE04EC0-301F-11D3-BF4B-00C04F79EFBC}") = "RateLimit.Core", "RateLimit.Core\RateLimit.Core.csproj", "{BB952B9C-4B41-404A-8DB0-989AB07AADE2}"
EndProject
Global
	GlobalSection(SolutionConfigurationPlatforms) = preSolution
		Debug|Any CPU = Debug|Any CPU
		Release|Any CPU = Release|Any CPU
	EndGlobalSection
	GlobalSection(ProjectConfigurationPlatforms) = postSolution
		{A83E6951-122F-4596-B013-56A6A460A916}.Debug|Any CPU.ActiveCfg = Debug|Any CPU
		{A83E6951-122F-4596-B013-56A6A460A916}.Debug|Any CPU.Build.0 = Debug|Any CPU
		{A83E6951-122F-4596-B013-56A6A460A916}.Release|Any CPU.ActiveCfg = Release|Any CPU
		{A83E6951-122F-4596-B013-56A6A460A916}.Release|Any CPU.Build.0 = Release|Any CPU
		{BB952B9C-4B41-404A-8DB0-989AB07AADE2}.Debug|Any CPU.ActiveCfg = Debug|Any CPU
		{BB952B9C-4B41-404A-8DB0-989AB07AADE2}.Debug|Any CPU.Build.0 = Debug|Any CPU
		{BB952B9C-4B41-404A-8DB0-989AB07AADE2}.Release|Any CPU.ActiveCfg = Release|Any CPU
		{BB952B9C-4B41-404A-8DB0-989AB07AADE2}.Release|Any CPU.Build.0 = Release|Any CPU
	EndGlobalSection
	GlobalSection(SolutionProperties) = preSolution
		HideSolutionNode = FALSE
	EndGlobalSection
	GlobalSection(ExtensibilityGlobals) = postSolution
		SolutionGuid = {735EC687-5A75-43EC-A1C9-959DD9BD1F84}
	EndGlobalSection
EndGlobal
